// !$*UTF8*$!
{
	archiveVersion = 1;
	classes = {
	};
	objectVersion = 55;
	objects = {

/* Begin PBXBuildFile section */
		257E3AC5273ADBDA00626AF1 /* TouchID_CheckApp.swift in Sources */ = {isa = PBXBuildFile; fileRef = 257E3AC4273ADBDA00626AF1 /* TouchID_CheckApp.swift */; };
		257E3AC7273ADBDA00626AF1 /* ContentView.swift in Sources */ = {isa = PBXBuildFile; fileRef = 257E3AC6273ADBDA00626AF1 /* ContentView.swift */; };
		257E3AC9273ADBDB00626AF1 /* Assets.xcassets in Resources */ = {isa = PBXBuildFile; fileRef = 257E3AC8273ADBDB00626AF1 /* Assets.xcassets */; };
		257E3ACC273ADBDB00626AF1 /* Preview Assets.xcassets in Resources */ = {isa = PBXBuildFile; fileRef = 257E3ACB273ADBDB00626AF1 /* Preview Assets.xcassets */; };
		257E3AD7273ADBDB00626AF1 /* TouchID_CheckTests.swift in Sources */ = {isa = PBXBuildFile; fileRef = 257E3AD6273ADBDB00626AF1 /* TouchID_CheckTests.swift */; };
		257E3AE1273ADBDB00626AF1 /* TouchID_CheckUITests.swift in Sources */ = {isa = PBXBuildFile; fileRef = 257E3AE0273ADBDB00626AF1 /* TouchID_CheckUITests.swift */; };
		257E3AE3273ADBDB00626AF1 /* TouchID_CheckUITestsLaunchTests.swift in Sources */ = {isa = PBXBuildFile; fileRef = 257E3AE2273ADBDB00626AF1 /* TouchID_CheckUITestsLaunchTests.swift */; };
/* End PBXBuildFile section */

/* Begin PBXContainerItemProxy section */
		257E3AD3273ADBDB00626AF1 /* PBXContainerItemProxy */ = {
			isa = PBXContainerItemProxy;
			containerPortal = 257E3AB9273ADBDA00626AF1 /* Project object */;
			proxyType = 1;
			remoteGlobalIDString = 257E3AC0273ADBDA00626AF1;
			remoteInfo = "TouchID Check";
		};
		257E3ADD273ADBDB00626AF1 /* PBXContainerItemProxy */ = {
			isa = PBXContainerItemProxy;
			containerPortal = 257E3AB9273ADBDA00626AF1 /* Project object */;
			proxyType = 1;
			remoteGlobalIDString = 257E3AC0273ADBDA00626AF1;
			remoteInfo = "TouchID Check";
		};
/* End PBXContainerItemProxy section */

/* Begin PBXFileReference section */
		257E3AC1273ADBDA00626AF1 /* TouchID Check.app */ = {isa = PBXFileReference; explicitFileType = wrapper.application; includeInIndex = 0; path = "TouchID Check.app"; sourceTree = BUILT_PRODUCTS_DIR; };
		257E3AC4273ADBDA00626AF1 /* TouchID_CheckApp.swift */ = {isa = PBXFileReference; lastKnownFileType = sourcecode.swift; path = TouchID_CheckApp.swift; sourceTree = "<group>"; };
		257E3AC6273ADBDA00626AF1 /* ContentView.swift */ = {isa = PBXFileReference; lastKnownFileType = sourcecode.swift; path = ContentView.swift; sourceTree = "<group>"; };
		257E3AC8273ADBDB00626AF1 /* Assets.xcassets */ = {isa = PBXFileReference; lastKnownFileType = folder.assetcatalog; path = Assets.xcassets; sourceTree = "<group>"; };
		257E3ACB273ADBDB00626AF1 /* Preview Assets.xcassets */ = {isa = PBXFileReference; lastKnownFileType = folder.assetcatalog; path = "Preview Assets.xcassets"; sourceTree = "<group>"; };
		257E3ACD273ADBDB00626AF1 /* TouchID_Check.entitlements */ = {isa = PBXFileReference; lastKnownFileType = text.plist.entitlements; path = TouchID_Check.entitlements; sourceTree = "<group>"; };
		257E3AD2273ADBDB00626AF1 /* TouchID CheckTests.xctest */ = {isa = PBXFileReference; explicitFileType = wrapper.cfbundle; includeInIndex = 0; path = "TouchID CheckTests.xctest"; sourceTree = BUILT_PRODUCTS_DIR; };
		257E3AD6273ADBDB00626AF1 /* TouchID_CheckTests.swift */ = {isa = PBXFileReference; lastKnownFileType = sourcecode.swift; path = TouchID_CheckTests.swift; sourceTree = "<group>"; };
		257E3ADC273ADBDB00626AF1 /* TouchID CheckUITests.xctest */ = {isa = PBXFileReference; explicitFileType = wrapper.cfbundle; includeInIndex = 0; path = "TouchID CheckUITests.xctest"; sourceTree = BUILT_PRODUCTS_DIR; };
		257E3AE0273ADBDB00626AF1 /* TouchID_CheckUITests.swift */ = {isa = PBXFileReference; lastKnownFileType = sourcecode.swift; path = TouchID_CheckUITests.swift; sourceTree = "<group>"; };
		257E3AE2273ADBDB00626AF1 /* TouchID_CheckUITestsLaunchTests.swift */ = {isa = PBXFileReference; lastKnownFileType = sourcecode.swift; path = TouchID_CheckUITestsLaunchTests.swift; sourceTree = "<group>"; };
/* End PBXFileReference section */

/* Begin PBXFrameworksBuildPhase section */
		257E3ABE273ADBDA00626AF1 /* Frameworks */ = {
			isa = PBXFrameworksBuildPhase;
			buildActionMask = 2147483647;
			files = (
			);
			runOnlyForDeploymentPostprocessing = 0;
		};
		257E3ACF273ADBDB00626AF1 /* Frameworks */ = {
			isa = PBXFrameworksBuildPhase;
			buildActionMask = 2147483647;
			files = (
			);
			runOnlyForDeploymentPostprocessing = 0;
		};
		257E3AD9273ADBDB00626AF1 /* Frameworks */ = {
			isa = PBXFrameworksBuildPhase;
			buildActionMask = 2147483647;
			files = (
			);
			runOnlyForDeploymentPostprocessing = 0;
		};
/* End PBXFrameworksBuildPhase section */

/* Begin PBXGroup section */
		257E3AB8273ADBDA00626AF1 = {
			isa = PBXGroup;
			children = (
				257E3AC3273ADBDA00626AF1 /* TouchID Check */,
				257E3AD5273ADBDB00626AF1 /* TouchID CheckTests */,
				257E3ADF273ADBDB00626AF1 /* TouchID CheckUITests */,
				257E3AC2273ADBDA00626AF1 /* Products */,
			);
			sourceTree = "<group>";
		};
		257E3AC2273ADBDA00626AF1 /* Products */ = {
			isa = PBXGroup;
			children = (
				257E3AC1273ADBDA00626AF1 /* TouchID Check.app */,
				257E3AD2273ADBDB00626AF1 /* TouchID CheckTests.xctest */,
				257E3ADC273ADBDB00626AF1 /* TouchID CheckUITests.xctest */,
			);
			name = Products;
			sourceTree = "<group>";
		};
		257E3AC3273ADBDA00626AF1 /* TouchID Check */ = {
			isa = PBXGroup;
			children = (
				257E3AC4273ADBDA00626AF1 /* TouchID_CheckApp.swift */,
				257E3AC6273ADBDA00626AF1 /* ContentView.swift */,
				257E3AC8273ADBDB00626AF1 /* Assets.xcassets */,
				257E3ACD273ADBDB00626AF1 /* TouchID_Check.entitlements */,
				257E3ACA273ADBDB00626AF1 /* Preview Content */,
			);
			path = "TouchID Check";
			sourceTree = "<group>";
		};
		257E3ACA273ADBDB00626AF1 /* Preview Content */ = {
			isa = PBXGroup;
			children = (
				257E3ACB273ADBDB00626AF1 /* Preview Assets.xcassets */,
			);
			path = "Preview Content";
			sourceTree = "<group>";
		};
		257E3AD5273ADBDB00626AF1 /* TouchID CheckTests */ = {
			isa = PBXGroup;
			children = (
				257E3AD6273ADBDB00626AF1 /* TouchID_CheckTests.swift */,
			);
			path = "TouchID CheckTests";
			sourceTree = "<group>";
		};
		257E3ADF273ADBDB00626AF1 /* TouchID CheckUITests */ = {
			isa = PBXGroup;
			children = (
				257E3AE0273ADBDB00626AF1 /* TouchID_CheckUITests.swift */,
				257E3AE2273ADBDB00626AF1 /* TouchID_CheckUITestsLaunchTests.swift */,
			);
			path = "TouchID CheckUITests";
			sourceTree = "<group>";
		};
/* End PBXGroup section */

/* Begin PBXNativeTarget section */
		257E3AC0273ADBDA00626AF1 /* TouchID Check */ = {
			isa = PBXNativeTarget;
			buildConfigurationList = 257E3AE6273ADBDB00626AF1 /* Build configuration list for PBXNativeTarget "TouchID Check" */;
			buildPhases = (
				257E3ABD273ADBDA00626AF1 /* Sources */,
				257E3ABE273ADBDA00626AF1 /* Frameworks */,
				257E3ABF273ADBDA00626AF1 /* Resources */,
			);
			buildRules = (
			);
			dependencies = (
			);
			name = "TouchID Check";
			productName = "TouchID Check";
			productReference = 257E3AC1273ADBDA00626AF1 /* TouchID Check.app */;
			productType = "com.apple.product-type.application";
		};
		257E3AD1273ADBDB00626AF1 /* TouchID CheckTests */ = {
			isa = PBXNativeTarget;
			buildConfigurationList = 257E3AE9273ADBDB00626AF1 /* Build configuration list for PBXNativeTarget "TouchID CheckTests" */;
			buildPhases = (
				257E3ACE273ADBDB00626AF1 /* Sources */,
				257E3ACF273ADBDB00626AF1 /* Frameworks */,
				257E3AD0273ADBDB00626AF1 /* Resources */,
			);
			buildRules = (
			);
			dependencies = (
				257E3AD4273ADBDB00626AF1 /* PBXTargetDependency */,
			);
			name = "TouchID CheckTests";
			productName = "TouchID CheckTests";
			productReference = 257E3AD2273ADBDB00626AF1 /* TouchID CheckTests.xctest */;
			productType = "com.apple.product-type.bundle.unit-test";
		};
		257E3ADB273ADBDB00626AF1 /* TouchID CheckUITests */ = {
			isa = PBXNativeTarget;
			buildConfigurationList = 257E3AEC273ADBDB00626AF1 /* Build configuration list for PBXNativeTarget "TouchID CheckUITests" */;
			buildPhases = (
				257E3AD8273ADBDB00626AF1 /* Sources */,
				257E3AD9273ADBDB00626AF1 /* Frameworks */,
				257E3ADA273ADBDB00626AF1 /* Resources */,
			);
			buildRules = (
			);
			dependencies = (
				257E3ADE273ADBDB00626AF1 /* PBXTargetDependency */,
			);
			name = "TouchID CheckUITests";
			productName = "TouchID CheckUITests";
			productReference = 257E3ADC273ADBDB00626AF1 /* TouchID CheckUITests.xctest */;
			productType = "com.apple.product-type.bundle.ui-testing";
		};
/* End PBXNativeTarget section */

/* Begin PBXProject section */
		257E3AB9273ADBDA00626AF1 /* Project object */ = {
			isa = PBXProject;
			attributes = {
				BuildIndependentTargetsInParallel = 1;
				LastSwiftUpdateCheck = 1310;
				LastUpgradeCheck = 1310;
				TargetAttributes = {
					257E3AC0273ADBDA00626AF1 = {
						CreatedOnToolsVersion = 13.1;
					};
					257E3AD1273ADBDB00626AF1 = {
						CreatedOnToolsVersion = 13.1;
						TestTargetID = 257E3AC0273ADBDA00626AF1;
					};
					257E3ADB273ADBDB00626AF1 = {
						CreatedOnToolsVersion = 13.1;
						TestTargetID = 257E3AC0273ADBDA00626AF1;
					};
				};
			};
			buildConfigurationList = 257E3ABC273ADBDA00626AF1 /* Build configuration list for PBXProject "TouchID Check" */;
			compatibilityVersion = "Xcode 13.0";
			developmentRegion = en;
			hasScannedForEncodings = 0;
			knownRegions = (
				en,
				Base,
			);
			mainGroup = 257E3AB8273ADBDA00626AF1;
			productRefGroup = 257E3AC2273ADBDA00626AF1 /* Products */;
			projectDirPath = "";
			projectRoot = "";
			targets = (
				257E3AC0273ADBDA00626AF1 /* TouchID Check */,
				257E3AD1273ADBDB00626AF1 /* TouchID CheckTests */,
				257E3ADB273ADBDB00626AF1 /* TouchID CheckUITests */,
			);
		};
/* End PBXProject section */

/* Begin PBXResourcesBuildPhase section */
		257E3ABF273ADBDA00626AF1 /* Resources */ = {
			isa = PBXResourcesBuildPhase;
			buildActionMask = 2147483647;
			files = (
				257E3ACC273ADBDB00626AF1 /* Preview Assets.xcassets in Resources */,
				257E3AC9273ADBDB00626AF1 /* Assets.xcassets in Resources */,
			);
			runOnlyForDeploymentPostprocessing = 0;
		};
		257E3AD0273ADBDB00626AF1 /* Resources */ = {
			isa = PBXResourcesBuildPhase;
			buildActionMask = 2147483647;
			files = (
			);
			runOnlyForDeploymentPostprocessing = 0;
		};
		257E3ADA273ADBDB00626AF1 /* Resources */ = {
			isa = PBXResourcesBuildPhase;
			buildActionMask = 2147483647;
			files = (
			);
			runOnlyForDeploymentPostprocessing = 0;
		};
/* End PBXResourcesBuildPhase section */

/* Begin PBXSourcesBuildPhase section */
		257E3ABD273ADBDA00626AF1 /* Sources */ = {
			isa = PBXSourcesBuildPhase;
			buildActionMask = 2147483647;
			files = (
				257E3AC7273ADBDA00626AF1 /* ContentView.swift in Sources */,
				257E3AC5273ADBDA00626AF1 /* TouchID_CheckApp.swift in Sources */,
			);
			runOnlyForDeploymentPostprocessing = 0;
		};
		257E3ACE273ADBDB00626AF1 /* Sources */ = {
			isa = PBXSourcesBuildPhase;
			buildActionMask = 2147483647;
			files = (
				257E3AD7273ADBDB00626AF1 /* TouchID_CheckTests.swift in Sources */,
			);
			runOnlyForDeploymentPostprocessing = 0;
		};
		257E3AD8273ADBDB00626AF1 /* Sources */ = {
			isa = PBXSourcesBuildPhase;
			buildActionMask = 2147483647;
			files = (
				257E3AE3273ADBDB00626AF1 /* TouchID_CheckUITestsLaunchTests.swift in Sources */,
				257E3AE1273ADBDB00626AF1 /* TouchID_CheckUITests.swift in Sources */,
			);
			runOnlyForDeploymentPostprocessing = 0;
		};
/* End PBXSourcesBuildPhase section */

/* Begin PBXTargetDependency section */
		257E3AD4273ADBDB00626AF1 /* PBXTargetDependency */ = {
			isa = PBXTargetDependency;
			target = 257E3AC0273ADBDA00626AF1 /* TouchID Check */;
			targetProxy = 257E3AD3273ADBDB00626AF1 /* PBXContainerItemProxy */;
		};
		257E3ADE273ADBDB00626AF1 /* PBXTargetDependency */ = {
			isa = PBXTargetDependency;
			target = 257E3AC0273ADBDA00626AF1 /* TouchID Check */;
			targetProxy = 257E3ADD273ADBDB00626AF1 /* PBXContainerItemProxy */;
		};
/* End PBXTargetDependency section */

/* Begin XCBuildConfiguration section */
		257E3AE4273ADBDB00626AF1 /* Debug */ = {
			isa = XCBuildConfiguration;
			buildSettings = {
				ALWAYS_SEARCH_USER_PATHS = NO;
				CLANG_ANALYZER_NONNULL = YES;
				CLANG_ANALYZER_NUMBER_OBJECT_CONVERSION = YES_AGGRESSIVE;
				CLANG_CXX_LANGUAGE_STANDARD = "gnu++17";
				CLANG_CXX_LIBRARY = "libc++";
				CLANG_ENABLE_MODULES = YES;
				CLANG_ENABLE_OBJC_ARC = YES;
				CLANG_ENABLE_OBJC_WEAK = YES;
				CLANG_WARN_BLOCK_CAPTURE_AUTORELEASING = YES;
				CLANG_WARN_BOOL_CONVERSION = YES;
				CLANG_WARN_COMMA = YES;
				CLANG_WARN_CONSTANT_CONVERSION = YES;
				CLANG_WARN_DEPRECATED_OBJC_IMPLEMENTATIONS = YES;
				CLANG_WARN_DIRECT_OBJC_ISA_USAGE = YES_ERROR;
				CLANG_WARN_DOCUMENTATION_COMMENTS = YES;
				CLANG_WARN_EMPTY_BODY = YES;
				CLANG_WARN_ENUM_CONVERSION = YES;
				CLANG_WARN_INFINITE_RECURSION = YES;
				CLANG_WARN_INT_CONVERSION = YES;
				CLANG_WARN_NON_LITERAL_NULL_CONVERSION = YES;
				CLANG_WARN_OBJC_IMPLICIT_RETAIN_SELF = YES;
				CLANG_WARN_OBJC_LITERAL_CONVERSION = YES;
				CLANG_WARN_OBJC_ROOT_CLASS = YES_ERROR;
				CLANG_WARN_QUOTED_INCLUDE_IN_FRAMEWORK_HEADER = YES;
				CLANG_WARN_RANGE_LOOP_ANALYSIS = YES;
				CLANG_WARN_STRICT_PROTOTYPES = YES;
				CLANG_WARN_SUSPICIOUS_MOVE = YES;
				CLANG_WARN_UNGUARDED_AVAILABILITY = YES_AGGRESSIVE;
				CLANG_WARN_UNREACHABLE_CODE = YES;
				CLANG_WARN__DUPLICATE_METHOD_MATCH = YES;
				COPY_PHASE_STRIP = NO;
				DEBUG_INFORMATION_FORMAT = dwarf;
				ENABLE_STRICT_OBJC_MSGSEND = YES;
				ENABLE_TESTABILITY = YES;
				GCC_C_LANGUAGE_STANDARD = gnu11;
				GCC_DYNAMIC_NO_PIC = NO;
				GCC_NO_COMMON_BLOCKS = YES;
				GCC_OPTIMIZATION_LEVEL = 0;
				GCC_PREPROCESSOR_DEFINITIONS = (
					"DEBUG=1",
					"$(inherited)",
				);
				GCC_WARN_64_TO_32_BIT_CONVERSION = YES;
				GCC_WARN_ABOUT_RETURN_TYPE = YES_ERROR;
				GCC_WARN_UNDECLARED_SELECTOR = YES;
				GCC_WARN_UNINITIALIZED_AUTOS = YES_AGGRESSIVE;
				GCC_WARN_UNUSED_FUNCTION = YES;
				GCC_WARN_UNUSED_VARIABLE = YES;
				MACOSX_DEPLOYMENT_TARGET = 12.0;
				MTL_ENABLE_DEBUG_INFO = INCLUDE_SOURCE;
				MTL_FAST_MATH = YES;
				ONLY_ACTIVE_ARCH = YES;
				SDKROOT = macosx;
				SWIFT_ACTIVE_COMPILATION_CONDITIONS = DEBUG;
				SWIFT_OPTIMIZATION_LEVEL = "-Onone";
			};
			name = Debug;
		};
		257E3AE5273ADBDB00626AF1 /* Release */ = {
			isa = XCBuildConfiguration;
			buildSettings = {
				ALWAYS_SEARCH_USER_PATHS = NO;
				CLANG_ANALYZER_NONNULL = YES;
				CLANG_ANALYZER_NUMBER_OBJECT_CONVERSION = YES_AGGRESSIVE;
				CLANG_CXX_LANGUAGE_STANDARD = "gnu++17";
				CLANG_CXX_LIBRARY = "libc++";
				CLANG_ENABLE_MODULES = YES;
				CLANG_ENABLE_OBJC_ARC = YES;
				CLANG_ENABLE_OBJC_WEAK = YES;
				CLANG_WARN_BLOCK_CAPTURE_AUTORELEASING = YES;
				CLANG_WARN_BOOL_CONVERSION = YES;
				CLANG_WARN_COMMA = YES;
				CLANG_WARN_CONSTANT_CONVERSION = YES;
				CLANG_WARN_DEPRECATED_OBJC_IMPLEMENTATIONS = YES;
				CLANG_WARN_DIRECT_OBJC_ISA_USAGE = YES_ERROR;
				CLANG_WARN_DOCUMENTATION_COMMENTS = YES;
				CLANG_WARN_EMPTY_BODY = YES;
				CLANG_WARN_ENUM_CONVERSION = YES;
				CLANG_WARN_INFINITE_RECURSION = YES;
				CLANG_WARN_INT_CONVERSION = YES;
				CLANG_WARN_NON_LITERAL_NULL_CONVERSION = YES;
				CLANG_WARN_OBJC_IMPLICIT_RETAIN_SELF = YES;
				CLANG_WARN_OBJC_LITERAL_CONVERSION = YES;
				CLANG_WARN_OBJC_ROOT_CLASS = YES_ERROR;
				CLANG_WARN_QUOTED_INCLUDE_IN_FRAMEWORK_HEADER = YES;
				CLANG_WARN_RANGE_LOOP_ANALYSIS = YES;
				CLANG_WARN_STRICT_PROTOTYPES = YES;
				CLANG_WARN_SUSPICIOUS_MOVE = YES;
				CLANG_WARN_UNGUARDED_AVAILABILITY = YES_AGGRESSIVE;
				CLANG_WARN_UNREACHABLE_CODE = YES;
				CLANG_WARN__DUPLICATE_METHOD_MATCH = YES;
				COPY_PHASE_STRIP = NO;
				DEBUG_INFORMATION_FORMAT = "dwarf-with-dsym";
				ENABLE_NS_ASSERTIONS = NO;
				ENABLE_STRICT_OBJC_MSGSEND = YES;
				GCC_C_LANGUAGE_STANDARD = gnu11;
				GCC_NO_COMMON_BLOCKS = YES;
				GCC_WARN_64_TO_32_BIT_CONVERSION = YES;
				GCC_WARN_ABOUT_RETURN_TYPE = YES_ERROR;
				GCC_WARN_UNDECLARED_SELECTOR = YES;
				GCC_WARN_UNINITIALIZED_AUTOS = YES_AGGRESSIVE;
				GCC_WARN_UNUSED_FUNCTION = YES;
				GCC_WARN_UNUSED_VARIABLE = YES;
				MACOSX_DEPLOYMENT_TARGET = 12.0;
				MTL_ENABLE_DEBUG_INFO = NO;
				MTL_FAST_MATH = YES;
				SDKROOT = macosx;
				SWIFT_COMPILATION_MODE = wholemodule;
				SWIFT_OPTIMIZATION_LEVEL = "-O";
			};
			name = Release;
		};
		257E3AE7273ADBDB00626AF1 /* Debug */ = {
			isa = XCBuildConfiguration;
			buildSettings = {
				ASSETCATALOG_COMPILER_APPICON_NAME = AppIcon;
				ASSETCATALOG_COMPILER_GLOBAL_ACCENT_COLOR_NAME = AccentColor;
				CODE_SIGN_ENTITLEMENTS = "TouchID Check/TouchID_Check.entitlements";
				CODE_SIGN_STYLE = Automatic;
				COMBINE_HIDPI_IMAGES = YES;
				CURRENT_PROJECT_VERSION = 1;
				DEVELOPMENT_ASSET_PATHS = "\"TouchID Check/Preview Content\"";
				DEVELOPMENT_TEAM = 8T4P9D4TB2;
				ENABLE_HARDENED_RUNTIME = YES;
				ENABLE_PREVIEWS = YES;
				GENERATE_INFOPLIST_FILE = YES;
				INFOPLIST_KEY_NSHumanReadableCopyright = "";
				LD_RUNPATH_SEARCH_PATHS = (
					"$(inherited)",
					"@executable_path/../Frameworks",
				);
				MARKETING_VERSION = 1.0;
				PRODUCT_BUNDLE_IDENTIFIER = "com.shotach.TouchID-Check";
				PRODUCT_NAME = "$(TARGET_NAME)";
				SWIFT_EMIT_LOC_STRINGS = YES;
				SWIFT_VERSION = 5.0;
			};
			name = Debug;
		};
		257E3AE8273ADBDB00626AF1 /* Release */ = {
			isa = XCBuildConfiguration;
			buildSettings = {
				ASSETCATALOG_COMPILER_APPICON_NAME = AppIcon;
				ASSETCATALOG_COMPILER_GLOBAL_ACCENT_COLOR_NAME = AccentColor;
				CODE_SIGN_ENTITLEMENTS = "TouchID Check/TouchID_Check.entitlements";
				CODE_SIGN_STYLE = Automatic;
				COMBINE_HIDPI_IMAGES = YES;
				CURRENT_PROJECT_VERSION = 1;
				DEVELOPMENT_ASSET_PATHS = "\"TouchID Check/Preview Content\"";
				DEVELOPMENT_TEAM = 8T4P9D4TB2;
				ENABLE_HARDENED_RUNTIME = YES;
				ENABLE_PREVIEWS = YES;
				GENERATE_INFOPLIST_FILE = YES;
				INFOPLIST_KEY_NSHumanReadableCopyright = "";
				LD_RUNPATH_SEARCH_PATHS = (
					"$(inherited)",
					"@executable_path/../Frameworks",
				);
				MARKETING_VERSION = 1.0;
				PRODUCT_BUNDLE_IDENTIFIER = "com.shotach.TouchID-Check";
				PRODUCT_NAME = "$(TARGET_NAME)";
				SWIFT_EMIT_LOC_STRINGS = YES;
				SWIFT_VERSION = 5.0;
			};
			name = Release;
		};
		257E3AEA273ADBDB00626AF1 /* Debug */ = {
			isa = XCBuildConfiguration;
			buildSettings = {
				ALWAYS_EMBED_SWIFT_STANDARD_LIBRARIES = YES;
				BUNDLE_LOADER = "$(TEST_HOST)";
				CODE_SIGN_STYLE = Automatic;
				COMBINE_HIDPI_IMAGES = YES;
				CURRENT_PROJECT_VERSION = 1;
				DEVELOPMENT_TEAM = 8T4P9D4TB2;
				GENERATE_INFOPLIST_FILE = YES;
				LD_RUNPATH_SEARCH_PATHS = (
					"$(inherited)",
					"@executable_path/../Frameworks",
					"@loader_path/../Frameworks",
				);
				MACOSX_DEPLOYMENT_TARGET = 12.0;
				MARKETING_VERSION = 1.0;
				PRODUCT_BUNDLE_IDENTIFIER = "com.shotach.TouchID-CheckTests";
				PRODUCT_NAME = "$(TARGET_NAME)";
				SWIFT_EMIT_LOC_STRINGS = NO;
				SWIFT_VERSION = 5.0;
				TEST_HOST = "$(BUILT_PRODUCTS_DIR)/TouchID Check.app/Contents/MacOS/TouchID Check";
			};
			name = Debug;
		};
		257E3AEB273ADBDB00626AF1 /* Release */ = {
			isa = XCBuildConfiguration;
			buildSettings = {
				ALWAYS_EMBED_SWIFT_STANDARD_LIBRARIES = YES;
				BUNDLE_LOADER = "$(TEST_HOST)";
				CODE_SIGN_STYLE = Automatic;
				COMBINE_HIDPI_IMAGES = YES;
				CURRENT_PROJECT_VERSION = 1;
				DEVELOPMENT_TEAM = 8T4P9D4TB2;
				GENERATE_INFOPLIST_FILE = YES;
				LD_RUNPATH_SEARCH_PATHS = (
					"$(inherited)",
					"@executable_path/../Frameworks",
					"@loader_path/../Frameworks",
				);
				MACOSX_DEPLOYMENT_TARGET = 12.0;
				MARKETING_VERSION = 1.0;
				PRODUCT_BUNDLE_IDENTIFIER = "com.shotach.TouchID-CheckTests";
				PRODUCT_NAME = "$(TARGET_NAME)";
				SWIFT_EMIT_LOC_STRINGS = NO;
				SWIFT_VERSION = 5.0;
				TEST_HOST = "$(BUILT_PRODUCTS_DIR)/TouchID Check.app/Contents/MacOS/TouchID Check";
			};
			name = Release;
		};
		257E3AED273ADBDB00626AF1 /* Debug */ = {
			isa = XCBuildConfiguration;
			buildSettings = {
				ALWAYS_EMBED_SWIFT_STANDARD_LIBRARIES = YES;
				CODE_SIGN_STYLE = Automatic;
				COMBINE_HIDPI_IMAGES = YES;
				CURRENT_PROJECT_VERSION = 1;
				DEVELOPMENT_TEAM = 8T4P9D4TB2;
				GENERATE_INFOPLIST_FILE = YES;
				LD_RUNPATH_SEARCH_PATHS = (
					"$(inherited)",
					"@executable_path/../Frameworks",
					"@loader_path/../Frameworks",
				);
				MARKETING_VERSION = 1.0;
				PRODUCT_BUNDLE_IDENTIFIER = "com.shotach.TouchID-CheckUITests";
				PRODUCT_NAME = "$(TARGET_NAME)";
				SWIFT_EMIT_LOC_STRINGS = NO;
				SWIFT_VERSION = 5.0;
				TEST_TARGET_NAME = "TouchID Check";
			};
			name = Debug;
		};
		257E3AEE273ADBDB00626AF1 /* Release */ = {
			isa = XCBuildConfiguration;
			buildSettings = {
				ALWAYS_EMBED_SWIFT_STANDARD_LIBRARIES = YES;
				CODE_SIGN_STYLE = Automatic;
				COMBINE_HIDPI_IMAGES = YES;
				CURRENT_PROJECT_VERSION = 1;
				DEVELOPMENT_TEAM = 8T4P9D4TB2;
				GENERATE_INFOPLIST_FILE = YES;
				LD_RUNPATH_SEARCH_PATHS = (
					"$(inherited)",
					"@executable_path/../Frameworks",
					"@loader_path/../Frameworks",
				);
				MARKETING_VERSION = 1.0;
				PRODUCT_BUNDLE_IDENTIFIER = "com.shotach.TouchID-CheckUITests";
				PRODUCT_NAME = "$(TARGET_NAME)";
				SWIFT_EMIT_LOC_STRINGS = NO;
				SWIFT_VERSION = 5.0;
				TEST_TARGET_NAME = "TouchID Check";
			};
			name = Release;
		};
/* End XCBuildConfiguration section */

/* Begin XCConfigurationList section */
		257E3ABC273ADBDA00626AF1 /* Build configuration list for PBXProject "TouchID Check" */ = {
			isa = XCConfigurationList;
			buildConfigurations = (
				257E3AE4273ADBDB00626AF1 /* Debug */,
				257E3AE5273ADBDB00626AF1 /* Release */,
			);
			defaultConfigurationIsVisible = 0;
			defaultConfigurationName = Release;
		};
		257E3AE6273ADBDB00626AF1 /* Build configuration list for PBXNativeTarget "TouchID Check" */ = {
			isa = XCConfigurationList;
			buildConfigurations = (
				257E3AE7273ADBDB00626AF1 /* Debug */,
				257E3AE8273ADBDB00626AF1 /* Release */,
			);
			defaultConfigurationIsVisible = 0;
			defaultConfigurationName = Release;
		};
		257E3AE9273ADBDB00626AF1 /* Build configuration list for PBXNativeTarget "TouchID CheckTests" */ = {
			isa = XCConfigurationList;
			buildConfigurations = (
				257E3AEA273ADBDB00626AF1 /* Debug */,
				257E3AEB273ADBDB00626AF1 /* Release */,
			);
			defaultConfigurationIsVisible = 0;
			defaultConfigurationName = Release;
		};
		257E3AEC273ADBDB00626AF1 /* Build configuration list for PBXNativeTarget "TouchID CheckUITests" */ = {
			isa = XCConfigurationList;
			buildConfigurations = (
				257E3AED273ADBDB00626AF1 /* Debug */,
				257E3AEE273ADBDB00626AF1 /* Release */,
			);
			defaultConfigurationIsVisible = 0;
			defaultConfigurationName = Release;
		};
/* End XCConfigurationList section */
	};
	rootObject = 257E3AB9273ADBDA00626AF1 /* Project object */;
}
